{
  "name": "unappreciated-web-apis",
  "version": "1.0.0",
  "lockfileVersion": 1,
  "dependencies": {
    "gamepad.js": {
      "version": "git+ssh://git@github.com/Tom32i/gamepad.js.git#7c8c4aa16662aeb6c1f2b020a4a760c727956ba7"
    },
    "reveal.js": {
      "version": "3.5.0",
      "resolved": "https://registry.npmjs.org/reveal.js/-/reveal.js-3.5.0.tgz",
      "integrity": "sha1-lVRZSa1oJjas7P2uoFzwyoktRC0="
    }
  }
}
